// !$*UTF8*$!
{
	archiveVersion = 1;
	classes = {
	};
	objectVersion = 50;
	objects = {

/* Begin PBXBuildFile section */
		E735ABA92222D8B900D974BA /* main.swift in Sources */ = {isa = PBXBuildFile; fileRef = E735ABA82222D8B900D974BA /* main.swift */; };
		E735ABB02222D8E700D974BA /* Validation.swift in Sources */ = {isa = PBXBuildFile; fileRef = E735ABAF2222D8E700D974BA /* Validation.swift */; };
		E735ABBB2222D9FD00D974BA /* TestValidation.swift in Sources */ = {isa = PBXBuildFile; fileRef = E735ABBA2222D9FD00D974BA /* TestValidation.swift */; };
		E735ABC02222DA0400D974BA /* Validation.swift in Sources */ = {isa = PBXBuildFile; fileRef = E735ABAF2222D8E700D974BA /* Validation.swift */; };
/* End PBXBuildFile section */

/* Begin PBXContainerItemProxy section */
		E735ABC12222DA4E00D974BA /* PBXContainerItemProxy */ = {
			isa = PBXContainerItemProxy;
			containerPortal = E735AB9D2222D8B900D974BA /* Project object */;
			proxyType = 1;
			remoteGlobalIDString = E735ABA42222D8B900D974BA;
			remoteInfo = "65-apps-fourth-app";
		};
/* End PBXContainerItemProxy section */

/* Begin PBXCopyFilesBuildPhase section */
		E735ABA32222D8B900D974BA /* CopyFiles */ = {
			isa = PBXCopyFilesBuildPhase;
			buildActionMask = 2147483647;
			dstPath = /usr/share/man/man1/;
			dstSubfolderSpec = 0;
			files = (
			);
			runOnlyForDeploymentPostprocessing = 1;
		};
/* End PBXCopyFilesBuildPhase section */

/* Begin PBXFileReference section */
		E735ABA52222D8B900D974BA /* 65-apps-fourth-app */ = {isa = PBXFileReference; explicitFileType = "compiled.mach-o.executable"; includeInIndex = 0; path = "65-apps-fourth-app"; sourceTree = BUILT_PRODUCTS_DIR; };
		E735ABA82222D8B900D974BA /* main.swift */ = {isa = PBXFileReference; lastKnownFileType = sourcecode.swift; path = main.swift; sourceTree = "<group>"; };
		E735ABAF2222D8E700D974BA /* Validation.swift */ = {isa = PBXFileReference; fileEncoding = 4; lastKnownFileType = sourcecode.swift; path = Validation.swift; sourceTree = "<group>"; };
		E735ABB82222D9FD00D974BA /* TestValidation.xctest */ = {isa = PBXFileReference; explicitFileType = wrapper.cfbundle; includeInIndex = 0; path = TestValidation.xctest; sourceTree = BUILT_PRODUCTS_DIR; };
		E735ABBA2222D9FD00D974BA /* TestValidation.swift */ = {isa = PBXFileReference; lastKnownFileType = sourcecode.swift; path = TestValidation.swift; sourceTree = "<group>"; };
		E735ABBC2222D9FD00D974BA /* Info.plist */ = {isa = PBXFileReference; lastKnownFileType = text.plist.xml; path = Info.plist; sourceTree = "<group>"; };
/* End PBXFileReference section */

/* Begin PBXFrameworksBuildPhase section */
		E735ABA22222D8B900D974BA /* Frameworks */ = {
			isa = PBXFrameworksBuildPhase;
			buildActionMask = 2147483647;
			files = (
			);
			runOnlyForDeploymentPostprocessing = 0;
		};
		E735ABB52222D9FD00D974BA /* Frameworks */ = {
			isa = PBXFrameworksBuildPhase;
			buildActionMask = 2147483647;
			files = (
			);
			runOnlyForDeploymentPostprocessing = 0;
		};
/* End PBXFrameworksBuildPhase section */

/* Begin PBXGroup section */
		E735AB9C2222D8B900D974BA = {
			isa = PBXGroup;
			children = (
				E735ABA72222D8B900D974BA /* 65-apps-fourth-app */,
				E735ABB92222D9FD00D974BA /* TestValidation */,
				E735ABA62222D8B900D974BA /* Products */,
			);
			sourceTree = "<group>";
		};
		E735ABA62222D8B900D974BA /* Products */ = {
			isa = PBXGroup;
			children = (
				E735ABA52222D8B900D974BA /* 65-apps-fourth-app */,
				E735ABB82222D9FD00D974BA /* TestValidation.xctest */,
			);
			name = Products;
			sourceTree = "<group>";
		};
		E735ABA72222D8B900D974BA /* 65-apps-fourth-app */ = {
			isa = PBXGroup;
			children = (
				E735ABAF2222D8E700D974BA /* Validation.swift */,
				E735ABA82222D8B900D974BA /* main.swift */,
			);
			path = "65-apps-fourth-app";
			sourceTree = "<group>";
		};
		E735ABB92222D9FD00D974BA /* TestValidation */ = {
			isa = PBXGroup;
			children = (
				E735ABBA2222D9FD00D974BA /* TestValidation.swift */,
				E735ABBC2222D9FD00D974BA /* Info.plist */,
			);
			path = TestValidation;
			sourceTree = "<group>";
		};
/* End PBXGroup section */

/* Begin PBXNativeTarget section */
		E735ABA42222D8B900D974BA /* 65-apps-fourth-app */ = {
			isa = PBXNativeTarget;
			buildConfigurationList = E735ABAC2222D8B900D974BA /* Build configuration list for PBXNativeTarget "65-apps-fourth-app" */;
			buildPhases = (
				E735ABA12222D8B900D974BA /* Sources */,
				E735ABA22222D8B900D974BA /* Frameworks */,
				E735ABA32222D8B900D974BA /* CopyFiles */,
			);
			buildRules = (
			);
			dependencies = (
			);
			name = "65-apps-fourth-app";
			productName = "65-apps-fourth-app";
			productReference = E735ABA52222D8B900D974BA /* 65-apps-fourth-app */;
			productType = "com.apple.product-type.tool";
		};
		E735ABB72222D9FD00D974BA /* TestValidation */ = {
			isa = PBXNativeTarget;
			buildConfigurationList = E735ABBD2222D9FD00D974BA /* Build configuration list for PBXNativeTarget "TestValidation" */;
			buildPhases = (
				E735ABB42222D9FD00D974BA /* Sources */,
				E735ABB52222D9FD00D974BA /* Frameworks */,
				E735ABB62222D9FD00D974BA /* Resources */,
			);
			buildRules = (
			);
			dependencies = (
				E735ABC22222DA4E00D974BA /* PBXTargetDependency */,
			);
			name = TestValidation;
			productName = TestValidation;
			productReference = E735ABB82222D9FD00D974BA /* TestValidation.xctest */;
			productType = "com.apple.product-type.bundle.unit-test";
		};
/* End PBXNativeTarget section */

/* Begin PBXProject section */
		E735AB9D2222D8B900D974BA /* Project object */ = {
			isa = PBXProject;
			attributes = {
				LastSwiftUpdateCheck = 1010;
				LastUpgradeCheck = 1010;
				ORGANIZATIONNAME = "Princess Max";
				TargetAttributes = {
					E735ABA42222D8B900D974BA = {
						CreatedOnToolsVersion = 10.1;
						LastSwiftMigration = 1010;
					};
					E735ABB72222D9FD00D974BA = {
						CreatedOnToolsVersion = 10.1;
					};
				};
			};
			buildConfigurationList = E735ABA02222D8B900D974BA /* Build configuration list for PBXProject "65-apps-fourth-app" */;
			compatibilityVersion = "Xcode 9.3";
			developmentRegion = en;
			hasScannedForEncodings = 0;
			knownRegions = (
				en,
			);
			mainGroup = E735AB9C2222D8B900D974BA;
			productRefGroup = E735ABA62222D8B900D974BA /* Products */;
			projectDirPath = "";
			projectRoot = "";
			targets = (
				E735ABA42222D8B900D974BA /* 65-apps-fourth-app */,
				E735ABB72222D9FD00D974BA /* TestValidation */,
			);
		};
/* End PBXProject section */

/* Begin PBXResourcesBuildPhase section */
		E735ABB62222D9FD00D974BA /* Resources */ = {
			isa = PBXResourcesBuildPhase;
			buildActionMask = 2147483647;
			files = (
			);
			runOnlyForDeploymentPostprocessing = 0;
		};
/* End PBXResourcesBuildPhase section */

/* Begin PBXSourcesBuildPhase section */
		E735ABA12222D8B900D974BA /* Sources */ = {
			isa = PBXSourcesBuildPhase;
			buildActionMask = 2147483647;
			files = (
				E735ABB02222D8E700D974BA /* Validation.swift in Sources */,
				E735ABA92222D8B900D974BA /* main.swift in Sources */,
			);
			runOnlyForDeploymentPostprocessing = 0;
		};
		E735ABB42222D9FD00D974BA /* Sources */ = {
			isa = PBXSourcesBuildPhase;
			buildActionMask = 2147483647;
			files = (
				E735ABC02222DA0400D974BA /* Validation.swift in Sources */,
				E735ABBB2222D9FD00D974BA /* TestValidation.swift in Sources */,
			);
			runOnlyForDeploymentPostprocessing = 0;
		};
/* End PBXSourcesBuildPhase section */

/* Begin PBXTargetDependency section */
		E735ABC22222DA4E00D974BA /* PBXTargetDependency */ = {
			isa = PBXTargetDependency;
			target = E735ABA42222D8B900D974BA /* 65-apps-fourth-app */;
			targetProxy = E735ABC12222DA4E00D974BA /* PBXContainerItemProxy */;
		};
/* End PBXTargetDependency section */

/* Begin XCBuildConfiguration section */
		E735ABAA2222D8B900D974BA /* Debug */ = {
			isa = XCBuildConfiguration;
			buildSettings = {
				ALWAYS_SEARCH_USER_PATHS = NO;
				CLANG_ANALYZER_NONNULL = YES;
				CLANG_ANALYZER_NUMBER_OBJECT_CONVERSION = YES_AGGRESSIVE;
				CLANG_CXX_LANGUAGE_STANDARD = "gnu++14";
				CLANG_CXX_LIBRARY = "libc++";
				CLANG_ENABLE_MODULES = YES;
				CLANG_ENABLE_OBJC_ARC = YES;
				CLANG_ENABLE_OBJC_WEAK = YES;
				CLANG_WARN_BLOCK_CAPTURE_AUTORELEASING = YES;
				CLANG_WARN_BOOL_CONVERSION = YES;
				CLANG_WARN_COMMA = YES;
				CLANG_WARN_CONSTANT_CONVERSION = YES;
				CLANG_WARN_DEPRECATED_OBJC_IMPLEMENTATIONS = YES;
				CLANG_WARN_DIRECT_OBJC_ISA_USAGE = YES_ERROR;
				CLANG_WARN_DOCUMENTATION_COMMENTS = YES;
				CLANG_WARN_EMPTY_BODY = YES;
				CLANG_WARN_ENUM_CONVERSION = YES;
				CLANG_WARN_INFINITE_RECURSION = YES;
				CLANG_WARN_INT_CONVERSION = YES;
				CLANG_WARN_NON_LITERAL_NULL_CONVERSION = YES;
				CLANG_WARN_OBJC_IMPLICIT_RETAIN_SELF = YES;
				CLANG_WARN_OBJC_LITERAL_CONVERSION = YES;
				CLANG_WARN_OBJC_ROOT_CLASS = YES_ERROR;
				CLANG_WARN_RANGE_LOOP_ANALYSIS = YES;
				CLANG_WARN_STRICT_PROTOTYPES = YES;
				CLANG_WARN_SUSPICIOUS_MOVE = YES;
				CLANG_WARN_UNGUARDED_AVAILABILITY = YES_AGGRESSIVE;
				CLANG_WARN_UNREACHABLE_CODE = YES;
				CLANG_WARN__DUPLICATE_METHOD_MATCH = YES;
				CODE_SIGN_IDENTITY = "Mac Developer";
				COPY_PHASE_STRIP = NO;
				DEBUG_INFORMATION_FORMAT = dwarf;
				ENABLE_STRICT_OBJC_MSGSEND = YES;
				ENABLE_TESTABILITY = YES;
				GCC_C_LANGUAGE_STANDARD = gnu11;
				GCC_DYNAMIC_NO_PIC = NO;
				GCC_NO_COMMON_BLOCKS = YES;
				GCC_OPTIMIZATION_LEVEL = 0;
				GCC_PREPROCESSOR_DEFINITIONS = (
					"DEBUG=1",
					"$(inherited)",
				);
				GCC_WARN_64_TO_32_BIT_CONVERSION = YES;
				GCC_WARN_ABOUT_RETURN_TYPE = YES_ERROR;
				GCC_WARN_UNDECLARED_SELECTOR = YES;
				GCC_WARN_UNINITIALIZED_AUTOS = YES_AGGRESSIVE;
				GCC_WARN_UNUSED_FUNCTION = YES;
				GCC_WARN_UNUSED_VARIABLE = YES;
				MACOSX_DEPLOYMENT_TARGET = 10.13;
				MTL_ENABLE_DEBUG_INFO = INCLUDE_SOURCE;
				MTL_FAST_MATH = YES;
				ONLY_ACTIVE_ARCH = YES;
				SDKROOT = macosx;
				SWIFT_ACTIVE_COMPILATION_CONDITIONS = DEBUG;
				SWIFT_OPTIMIZATION_LEVEL = "-Onone";
			};
			name = Debug;
		};
		E735ABAB2222D8B900D974BA /* Release */ = {
			isa = XCBuildConfiguration;
			buildSettings = {
				ALWAYS_SEARCH_USER_PATHS = NO;
				CLANG_ANALYZER_NONNULL = YES;
				CLANG_ANALYZER_NUMBER_OBJECT_CONVERSION = YES_AGGRESSIVE;
				CLANG_CXX_LANGUAGE_STANDARD = "gnu++14";
				CLANG_CXX_LIBRARY = "libc++";
				CLANG_ENABLE_MODULES = YES;
				CLANG_ENABLE_OBJC_ARC = YES;
				CLANG_ENABLE_OBJC_WEAK = YES;
				CLANG_WARN_BLOCK_CAPTURE_AUTORELEASING = YES;
				CLANG_WARN_BOOL_CONVERSION = YES;
				CLANG_WARN_COMMA = YES;
				CLANG_WARN_CONSTANT_CONVERSION = YES;
				CLANG_WARN_DEPRECATED_OBJC_IMPLEMENTATIONS = YES;
				CLANG_WARN_DIRECT_OBJC_ISA_USAGE = YES_ERROR;
				CLANG_WARN_DOCUMENTATION_COMMENTS = YES;
				CLANG_WARN_EMPTY_BODY = YES;
				CLANG_WARN_ENUM_CONVERSION = YES;
				CLANG_WARN_INFINITE_RECURSION = YES;
				CLANG_WARN_INT_CONVERSION = YES;
				CLANG_WARN_NON_LITERAL_NULL_CONVERSION = YES;
				CLANG_WARN_OBJC_IMPLICIT_RETAIN_SELF = YES;
				CLANG_WARN_OBJC_LITERAL_CONVERSION = YES;
				CLANG_WARN_OBJC_ROOT_CLASS = YES_ERROR;
				CLANG_WARN_RANGE_LOOP_ANALYSIS = YES;
				CLANG_WARN_STRICT_PROTOTYPES = YES;
				CLANG_WARN_SUSPICIOUS_MOVE = YES;
				CLANG_WARN_UNGUARDED_AVAILABILITY = YES_AGGRESSIVE;
				CLANG_WARN_UNREACHABLE_CODE = YES;
				CLANG_WARN__DUPLICATE_METHOD_MATCH = YES;
				CODE_SIGN_IDENTITY = "Mac Developer";
				COPY_PHASE_STRIP = NO;
				DEBUG_INFORMATION_FORMAT = "dwarf-with-dsym";
				ENABLE_NS_ASSERTIONS = NO;
				ENABLE_STRICT_OBJC_MSGSEND = YES;
				GCC_C_LANGUAGE_STANDARD = gnu11;
				GCC_NO_COMMON_BLOCKS = YES;
				GCC_WARN_64_TO_32_BIT_CONVERSION = YES;
				GCC_WARN_ABOUT_RETURN_TYPE = YES_ERROR;
				GCC_WARN_UNDECLARED_SELECTOR = YES;
				GCC_WARN_UNINITIALIZED_AUTOS = YES_AGGRESSIVE;
				GCC_WARN_UNUSED_FUNCTION = YES;
				GCC_WARN_UNUSED_VARIABLE = YES;
				MACOSX_DEPLOYMENT_TARGET = 10.13;
				MTL_ENABLE_DEBUG_INFO = NO;
				MTL_FAST_MATH = YES;
				SDKROOT = macosx;
				SWIFT_COMPILATION_MODE = wholemodule;
				SWIFT_OPTIMIZATION_LEVEL = "-O";
			};
			name = Release;
		};
		E735ABAD2222D8B900D974BA /* Debug */ = {
			isa = XCBuildConfiguration;
			buildSettings = {
				CODE_SIGN_STYLE = Automatic;
				DEVELOPMENT_TEAM = F7HQJR66P4;
				PRODUCT_NAME = "$(TARGET_NAME)";
				SWIFT_SWIFT3_OBJC_INFERENCE = On;
				SWIFT_VERSION = 3.0;
			};
			name = Debug;
		};
		E735ABAE2222D8B900D974BA /* Release */ = {
			isa = XCBuildConfiguration;
			buildSettings = {
				CODE_SIGN_STYLE = Automatic;
				DEVELOPMENT_TEAM = F7HQJR66P4;
				PRODUCT_NAME = "$(TARGET_NAME)";
				SWIFT_SWIFT3_OBJC_INFERENCE = On;
				SWIFT_VERSION = 3.0;
			};
			name = Release;
		};
		E735ABBE2222D9FD00D974BA /* Debug */ = {
			isa = XCBuildConfiguration;
			buildSettings = {
				CODE_SIGN_STYLE = Automatic;
				COMBINE_HIDPI_IMAGES = YES;
				DEVELOPMENT_TEAM = F7HQJR66P4;
				INFOPLIST_FILE = TestValidation/Info.plist;
				LD_RUNPATH_SEARCH_PATHS = (
					"$(inherited)",
					"@executable_path/../Frameworks",
					"@loader_path/../Frameworks",
				);
				PRODUCT_BUNDLE_IDENTIFIER = swift.TestValidation;
				PRODUCT_NAME = "$(TARGET_NAME)";
				SWIFT_VERSION = 4.2;
			};
			name = Debug;
		};
		E735ABBF2222D9FD00D974BA /* Release */ = {
			isa = XCBuildConfiguration;
			buildSettings = {
				CODE_SIGN_STYLE = Automatic;
				COMBINE_HIDPI_IMAGES = YES;
				DEVELOPMENT_TEAM = F7HQJR66P4;
				INFOPLIST_FILE = TestValidation/Info.plist;
				LD_RUNPATH_SEARCH_PATHS = (
					"$(inherited)",
					"@executable_path/../Frameworks",
					"@loader_path/../Frameworks",
				);
				PRODUCT_BUNDLE_IDENTIFIER = swift.TestValidation;
				PRODUCT_NAME = "$(TARGET_NAME)";
				SWIFT_VERSION = 4.2;
			};
			name = Release;
		};
/* End XCBuildConfiguration section */

/* Begin XCConfigurationList section */
		E735ABA02222D8B900D974BA /* Build configuration list for PBXProject "65-apps-fourth-app" */ = {
			isa = XCConfigurationList;
			buildConfigurations = (
				E735ABAA2222D8B900D974BA /* Debug */,
				E735ABAB2222D8B900D974BA /* Release */,
			);
			defaultConfigurationIsVisible = 0;
			defaultConfigurationName = Release;
		};
		E735ABAC2222D8B900D974BA /* Build configuration list for PBXNativeTarget "65-apps-fourth-app" */ = {
			isa = XCConfigurationList;
			buildConfigurations = (
				E735ABAD2222D8B900D974BA /* Debug */,
				E735ABAE2222D8B900D974BA /* Release */,
			);
			defaultConfigurationIsVisible = 0;
			defaultConfigurationName = Release;
		};
		E735ABBD2222D9FD00D974BA /* Build configuration list for PBXNativeTarget "TestValidation" */ = {
			isa = XCConfigurationList;
			buildConfigurations = (
				E735ABBE2222D9FD00D974BA /* Debug */,
				E735ABBF2222D9FD00D974BA /* Release */,
			);
			defaultConfigurationIsVisible = 0;
			defaultConfigurationName = Release;
		};
/* End XCConfigurationList section */
	};
	rootObject = E735AB9D2222D8B900D974BA /* Project object */;
}
